<?xml version="1.0" encoding="utf-8"?>
<Project ToolsVersion="4.0" xmlns="http://schemas.microsoft.com/developer/msbuild/2003">
  <ItemGroup>
    <Filter Include="Header Files">
      <UniqueIdentifier>{93995380-89BD-4b04-88EB-625FBE52EBFB}</UniqueIdentifier>
      <Extensions>h;hh;hpp;hxx;hm;inl;inc;xsd</Extensions>
    </Filter>
    <Filter Include="BuildScripts">
      <UniqueIdentifier>{828efe94-a51a-48ec-94ca-31b9aaa93b67}</UniqueIdentifier>
    </Filter>
    <Filter Include="plugins">
      <UniqueIdentifier>{429ef986-db20-4798-904c-edca212d8460}</UniqueIdentifier>
    </Filter>
    <Filter Include="plugins\metadangerzone">
      <UniqueIdentifier>{aac53068-994f-45df-9bb3-69c63bd7b0cd}</UniqueIdentifier>
    </Filter>
    <Filter Include="plugins\metadangerzone\metaplugins">
      <UniqueIdentifier>{0d0c13cd-999f-49ed-8744-041aad71aebe}</UniqueIdentifier>
    </Filter>
    <Filter Include="plugins\metadangerzone\metaplugins\plugin%28cpp%29[0.1.0]">
      <UniqueIdentifier>{8be94c91-3cb2-4f1b-9cff-89646e7cbc41}</UniqueIdentifier>
    </Filter>
    <Filter Include="plugins\metadangerzone\metaplugins\mdl%28cpp%29[0.1.0]">
      <UniqueIdentifier>{297a2cc0-18c8-4627-b2b3-536d98b56144}</UniqueIdentifier>
    </Filter>
    <Filter Include="plugins\metadangerzone\template">
      <UniqueIdentifier>{24357543-17a2-4cd5-b15f-177d408bc583}</UniqueIdentifier>
    </Filter>
    <Filter Include="plugins\metadangerzone\template\cpp">
      <UniqueIdentifier>{4ab6d9d6-05cb-46b2-bc87-e3fa4fe431fb}</UniqueIdentifier>
    </Filter>
    <Filter Include="plugins\metadangerzone\template\cpp\empty[0.1.0]">
      <UniqueIdentifier>{b1a9adbf-e1bd-4bda-ae53-5cdbaca5f698}</UniqueIdentifier>
    </Filter>
    <Filter Include="plugins\metadangerzone\template\cpp\opaque_object[0.1.0]">
      <UniqueIdentifier>{9759f27c-f05d-44d6-ac29-1422473114ed}</UniqueIdentifier>
    </Filter>
    <Filter Include="plugins\metadangerzone\template\cpp\structural_object[0.1.0]">
      <UniqueIdentifier>{49dd5fcb-f2b3-44c3-adc6-02710d3f1084}</UniqueIdentifier>
    </Filter>
    <Filter Include="plugins\metadangerzone\template\cpp\singleton[0.1.0]">
      <UniqueIdentifier>{e561eab0-d67a-48e7-9a93-550554d3b478}</UniqueIdentifier>
    </Filter>
    <Filter Include="plugins\metadangerzone\template\python">
      <UniqueIdentifier>{2238f9be-a47b-4989-9617-6303d6d6883f}</UniqueIdentifier>
    </Filter>
    <Filter Include="plugins\metadangerzone\template\python\empty[0.1.0]">
      <UniqueIdentifier>{2ae8628d-5c8f-46d3-b18b-5e732e27ec25}</UniqueIdentifier>
    </Filter>
    <Filter Include="plugins\metadangerzone\template\python\opaque_object[0.1.0]">
      <UniqueIdentifier>{23973a1d-9494-4e14-b83b-66bc0a075740}</UniqueIdentifier>
    </Filter>
    <Filter Include="plugins\metadangerzone\template\cpp\data_type[0.1.0]">
      <UniqueIdentifier>{8335f62e-ae55-440c-9d06-e833a12e005a}</UniqueIdentifier>
    </Filter>
  </ItemGroup>
  <ItemGroup>
    <None Include="..\..\plugins\metadangerzone\metaplugins\plugin(cpp)[0.1.0]\__plugin__.py">
      <Filter>plugins\metadangerzone\metaplugins\plugin%28cpp%29[0.1.0]</Filter>
    </None>
    <None Include="..\..\plugins\metadangerzone\metaplugins\plugin(cpp)[0.1.0]\plugin.mdl">
      <Filter>plugins\metadangerzone\metaplugins\plugin%28cpp%29[0.1.0]</Filter>
    </None>
    <None Include="..\..\game_config.py" />
    <None Include="..\..\main.py" />
    <None Include="..\..\system_config.py" />
    <None Include="..\clean.bat">
      <Filter>BuildScripts</Filter>
    </None>
    <None Include="..\execute.bat">
      <Filter>BuildScripts</Filter>
    </None>
    <None Include="..\rebuild.bat">
      <Filter>BuildScripts</Filter>
    </None>
    <None Include="..\build.bat">
      <Filter>BuildScripts</Filter>
    </None>
    <None Include="..\..\start_daemon.py" />
    <None Include="..\..\plugins\metadangerzone\metaplugins\mdl(cpp)[0.1.0]\__plugin__.py">
      <Filter>plugins\metadangerzone\metaplugins\mdl%28cpp%29[0.1.0]</Filter>
    </None>
    <None Include="..\..\plugins\metadangerzone\metaplugins\mdl(cpp)[0.1.0]\plugin.mdl">
      <Filter>plugins\metadangerzone\metaplugins\mdl%28cpp%29[0.1.0]</Filter>
    </None>
    <None Include="..\..\plugins\metadangerzone\template\cpp\empty[0.1.0]\__plugin__.py">
      <Filter>plugins\metadangerzone\template\cpp\empty[0.1.0]</Filter>
    </None>
    <None Include="..\..\plugins\metadangerzone\template\cpp\empty[0.1.0]\plugin.mdl">
      <Filter>plugins\metadangerzone\template\cpp\empty[0.1.0]</Filter>
    </None>
    <None Include="..\..\plugins\metadangerzone\template\cpp\opaque_object[0.1.0]\__plugin__.py">
      <Filter>plugins\metadangerzone\template\cpp\opaque_object[0.1.0]</Filter>
    </None>
    <None Include="..\..\plugins\metadangerzone\template\cpp\opaque_object[0.1.0]\plugin.mdl">
      <Filter>plugins\metadangerzone\template\cpp\opaque_object[0.1.0]</Filter>
    </None>
    <None Include="..\..\plugins\metadangerzone\template\cpp\structural_object[0.1.0]\__plugin__.py">
      <Filter>plugins\metadangerzone\template\cpp\structural_object[0.1.0]</Filter>
    </None>
    <None Include="..\..\plugins\metadangerzone\template\cpp\structural_object[0.1.0]\plugin.mdl">
      <Filter>plugins\metadangerzone\template\cpp\structural_object[0.1.0]</Filter>
    </None>
    <None Include="..\..\plugins\metadangerzone\template\cpp\singleton[0.1.0]\__plugin__.py">
      <Filter>plugins\metadangerzone\template\cpp\singleton[0.1.0]</Filter>
    </None>
    <None Include="..\..\plugins\metadangerzone\template\cpp\singleton[0.1.0]\plugin.mdl">
      <Filter>plugins\metadangerzone\template\cpp\singleton[0.1.0]</Filter>
    </None>
    <None Include="..\..\plugins\metadangerzone\template\python\empty[0.1.0]\__init__.py">
      <Filter>plugins\metadangerzone\template\python\empty[0.1.0]</Filter>
    </None>
    <None Include="..\..\plugins\metadangerzone\template\python\empty[0.1.0]\__plugin__.py">
      <Filter>plugins\metadangerzone\template\python\empty[0.1.0]</Filter>
    </None>
    <None Include="..\..\plugins\metadangerzone\template\python\empty[0.1.0]\plugin.mdl">
      <Filter>plugins\metadangerzone\template\python\empty[0.1.0]</Filter>
    </None>
    <None Include="..\..\plugins\metadangerzone\template\python\opaque_object[0.1.0]\__init__.py">
      <Filter>plugins\metadangerzone\template\python\opaque_object[0.1.0]</Filter>
    </None>
    <None Include="..\..\plugins\metadangerzone\template\python\opaque_object[0.1.0]\__plugin__.py">
      <Filter>plugins\metadangerzone\template\python\opaque_object[0.1.0]</Filter>
    </None>
    <None Include="..\..\plugins\metadangerzone\template\python\opaque_object[0.1.0]\plugin.mdl">
      <Filter>plugins\metadangerzone\template\python\opaque_object[0.1.0]</Filter>
    </None>
    <None Include="..\..\plugins\metadangerzone\template\cpp\data_type[0.1.0]\__plugin__.py">
      <Filter>plugins\metadangerzone\template\cpp\data_type[0.1.0]</Filter>
    </None>
    <None Include="..\..\plugins\metadangerzone\template\cpp\data_type[0.1.0]\plugin.mdl">
      <Filter>plugins\metadangerzone\template\cpp\data_type[0.1.0]</Filter>
    </None>
  </ItemGroup>
  <ItemGroup>
    <ClInclude Include="..\..\plugins\metadangerzone\metaplugins\plugin(cpp)[0.1.0]\plugin_id.hpp">
      <Filter>plugins\metadangerzone\metaplugins\plugin%28cpp%29[0.1.0]</Filter>
    </ClInclude>
    <ClInclude Include="..\..\plugins\metadangerzone\metaplugins\plugin(cpp)[0.1.0]\plugin_stub.hpp">
      <Filter>plugins\metadangerzone\metaplugins\plugin%28cpp%29[0.1.0]</Filter>
    </ClInclude>
    <ClInclude Include="..\..\plugins\metadangerzone\metaplugins\mdl(cpp)[0.1.0]\mdl.hpp">
      <Filter>plugins\metadangerzone\metaplugins\mdl%28cpp%29[0.1.0]</Filter>
    </ClInclude>
    <ClInclude Include="..\..\plugins\metadangerzone\template\cpp\opaque_object[0.1.0]\opaque_object.h">
      <Filter>plugins\metadangerzone\template\cpp\opaque_object[0.1.0]</Filter>
    </ClInclude>
    <ClInclude Include="..\..\plugins\metadangerzone\template\cpp\opaque_object[0.1.0]\opaque_object.hpp">
      <Filter>plugins\metadangerzone\template\cpp\opaque_object[0.1.0]</Filter>
    </ClInclude>
    <ClInclude Include="..\..\plugins\metadangerzone\template\cpp\structural_object[0.1.0]\structural_object.h">
      <Filter>plugins\metadangerzone\template\cpp\structural_object[0.1.0]</Filter>
    </ClInclude>
    <ClInclude Include="..\..\plugins\metadangerzone\template\cpp\structural_object[0.1.0]\structural_object.hpp">
      <Filter>plugins\metadangerzone\template\cpp\structural_object[0.1.0]</Filter>
    </ClInclude>
    <ClInclude Include="..\..\plugins\metadangerzone\template\cpp\singleton[0.1.0]\singleton.h">
      <Filter>plugins\metadangerzone\template\cpp\singleton[0.1.0]</Filter>
    </ClInclude>
    <ClInclude Include="..\..\plugins\metadangerzone\template\cpp\singleton[0.1.0]\singleton.hpp">
      <Filter>plugins\metadangerzone\template\cpp\singleton[0.1.0]</Filter>
    </ClInclude>
    <ClInclude Include="..\..\plugins\metadangerzone\template\cpp\data_type[0.1.0]\data_type.h">
      <Filter>plugins\metadangerzone\template\cpp\data_type[0.1.0]</Filter>
    </ClInclude>
    <ClInclude Include="..\..\plugins\metadangerzone\template\cpp\data_type[0.1.0]\data_type.hpp">
      <Filter>plugins\metadangerzone\template\cpp\data_type[0.1.0]</Filter>
    </ClInclude>
  </ItemGroup>
  <ItemGroup>
    <ClCompile Include="..\..\plugins\metadangerzone\metaplugins\plugin(cpp)[0.1.0]\madz.cpp">
      <Filter>plugins\metadangerzone\metaplugins\plugin%28cpp%29[0.1.0]</Filter>
    </ClCompile>
    <ClCompile Include="..\..\plugins\metadangerzone\metaplugins\mdl(cpp)[0.1.0]\madz.cpp">
      <Filter>plugins\metadangerzone\metaplugins\mdl%28cpp%29[0.1.0]</Filter>
    </ClCompile>
    <ClCompile Include="..\..\plugins\metadangerzone\template\cpp\empty[0.1.0]\madz.cpp">
      <Filter>plugins\metadangerzone\template\cpp\empty[0.1.0]</Filter>
    </ClCompile>
    <ClCompile Include="..\..\plugins\metadangerzone\template\cpp\opaque_object[0.1.0]\madz.cpp">
      <Filter>plugins\metadangerzone\template\cpp\opaque_object[0.1.0]</Filter>
    </ClCompile>
    <ClCompile Include="..\..\plugins\metadangerzone\template\cpp\structural_object[0.1.0]\madz.cpp">
      <Filter>plugins\metadangerzone\template\cpp\structural_object[0.1.0]</Filter>
    </ClCompile>
    <ClCompile Include="..\..\plugins\metadangerzone\template\cpp\singleton[0.1.0]\madz.cpp">
      <Filter>plugins\metadangerzone\template\cpp\singleton[0.1.0]</Filter>
    </ClCompile>
    <ClCompile Include="..\..\plugins\metadangerzone\template\cpp\data_type[0.1.0]\madz.cpp">
      <Filter>plugins\metadangerzone\template\cpp\data_type[0.1.0]</Filter>
    </ClCompile>
  </ItemGroup>
</Project>